
Microsoft Visual Studio Solution File, Format Version 12.00
# Visual Studio Version 16
VisualStudioVersion = 16.0.30804.86
MinimumVisualStudioVersion = 10.0.40219.1
Project("{FAE04EC0-301F-11D3-BF4B-00C04F79EFBC}") = "Portfolio", "Portfolio\Portfolio.csproj", "{B340A939-824B-4A49-B7DF-DC84650AE41E}"
EndProject
Global
	GlobalSection(SolutionConfigurationPlatforms) = preSolution
		Debug|Any CPU = Debug|Any CPU
		Release|Any CPU = Release|Any CPU
	EndGlobalSection
	GlobalSection(ProjectConfigurationPlatforms) = postSolution
		{B340A939-824B-4A49-B7DF-DC84650AE41E}.Debug|Any CPU.ActiveCfg = Debug|Any CPU
		{B340A939-824B-4A49-B7DF-DC84650AE41E}.Debug|Any CPU.Build.0 = Debug|Any CPU
		{B340A939-824B-4A49-B7DF-DC84650AE41E}.Release|Any CPU.ActiveCfg = Release|Any CPU
		{B340A939-824B-4A49-B7DF-DC84650AE41E}.Release|Any CPU.Build.0 = Release|Any CPU
	EndGlobalSection
	GlobalSection(SolutionProperties) = preSolution
		HideSolutionNode = FALSE
	EndGlobalSection
	GlobalSection(ExtensibilityGlobals) = postSolution
		SolutionGuid = {320349AD-0377-443D-B44E-E7689DCBC1AA}
	EndGlobalSection
EndGlobal
